
Microsoft Visual Studio Solution File, Format Version 12.00
# Visual Studio Version 17
VisualStudioVersion = 17.13.35931.197 d17.13
MinimumVisualStudioVersion = 10.0.40219.1
Project("{FAE04EC0-301F-11D3-BF4B-00C04F79EFBC}") = "Ship.Ses.Extractor.UI.BlazorWeb", "Ship.Ses.Extractor.UI.BlazorWeb\Ship.Ses.Extractor.UI.BlazorWeb.csproj", "{5F15D4F9-E36E-D33D-43F0-D56C2D7AB55F}"
EndProject
Global
	GlobalSection(SolutionConfigurationPlatforms) = preSolution
		Debug|Any CPU = Debug|Any CPU
		Release|Any CPU = Release|Any CPU
	EndGlobalSection
	GlobalSection(ProjectConfigurationPlatforms) = postSolution
		{5F15D4F9-E36E-D33D-43F0-D56C2D7AB55F}.Debug|Any CPU.ActiveCfg = Debug|Any CPU
		{5F15D4F9-E36E-D33D-43F0-D56C2D7AB55F}.Debug|Any CPU.Build.0 = Debug|Any CPU
		{5F15D4F9-E36E-D33D-43F0-D56C2D7AB55F}.Release|Any CPU.ActiveCfg = Release|Any CPU
		{5F15D4F9-E36E-D33D-43F0-D56C2D7AB55F}.Release|Any CPU.Build.0 = Release|Any CPU
	EndGlobalSection
	GlobalSection(SolutionProperties) = preSolution
		HideSolutionNode = FALSE
	EndGlobalSection
	GlobalSection(ExtensibilityGlobals) = postSolution
		SolutionGuid = {F23171B7-9E0D-4C7F-BAA8-D2483148A10F}
	EndGlobalSection
EndGlobal
